
Microsoft Visual Studio Solution File, Format Version 12.00
# Visual Studio Version 16
VisualStudioVersion = 16.0.32126.315
MinimumVisualStudioVersion = 10.0.40219.1
Project("{FAE04EC0-301F-11D3-BF4B-00C04F79EFBC}") = "Karmashop", "Karmashop\Karmashop.csproj", "{AC8A27EB-BE53-46FB-ABB0-7AE8E4770C74}"
EndProject
Global
	GlobalSection(SolutionConfigurationPlatforms) = preSolution
		Debug|Any CPU = Debug|Any CPU
		Release|Any CPU = Release|Any CPU
	EndGlobalSection
	GlobalSection(ProjectConfigurationPlatforms) = postSolution
		{AC8A27EB-BE53-46FB-ABB0-7AE8E4770C74}.Debug|Any CPU.ActiveCfg = Debug|Any CPU
		{AC8A27EB-BE53-46FB-ABB0-7AE8E4770C74}.Debug|Any CPU.Build.0 = Debug|Any CPU
		{AC8A27EB-BE53-46FB-ABB0-7AE8E4770C74}.Release|Any CPU.ActiveCfg = Release|Any CPU
		{AC8A27EB-BE53-46FB-ABB0-7AE8E4770C74}.Release|Any CPU.Build.0 = Release|Any CPU
	EndGlobalSection
	GlobalSection(SolutionProperties) = preSolution
		HideSolutionNode = FALSE
	EndGlobalSection
	GlobalSection(ExtensibilityGlobals) = postSolution
		SolutionGuid = {6E4AE2D0-DF72-4F21-9C77-C4208F0DC88E}
	EndGlobalSection
EndGlobal
